{
  "originHash" : "4a9a0512dff7f9858bdb37d942e84ac66eb810ab39af8b7d7ca9ee69018e4960",
  "pins" : [
    {
      "identity" : "bugreportersdk-ios",
      "kind" : "remoteSourceControl",
      "location" : "https://github.com/dheerajjha/BugReporterSDK-ios",
      "state" : {
        "revision" : "94547217064d2f372e64d1f24b7ef5d1f95bf20f",
        "version" : "1.5.7"
      }
    },
    {
      "identity" : "json-logic-swift",
      "kind" : "remoteSourceControl",
      "location" : "https://github.com/advantagefse/json-logic-swift",
      "state" : {
        "revision" : "9088eed1b26937fe13d248aa24d7632a51be28e2",
        "version" : "1.2.4"
      }
    },
    {
      "identity" : "lottie-spm",
      "kind" : "remoteSourceControl",
      "location" : "https://github.com/airbnb/lottie-spm.git",
      "state" : {
        "revision" : "69faaefa7721fba9e434a52c16adf4329c9084db",
        "version" : "4.6.0"
      }
    },
    {
      "identity" : "mixpanel-swift",
      "kind" : "remoteSourceControl",
      "location" : "https://github.com/mixpanel/mixpanel-swift",
      "state" : {
        "revision" : "aa439062609c4cb9bdf34a9c255e0cb7bb3e1f34",
        "version" : "6.2.0"
      }
    }
  ],
  "version" : 3
}
